// !$*UTF8*$!
{
	archiveVersion = 1;
	classes = {
	};
	objectVersion = 46;
	objects = {

/* Begin PBXBuildFile section */
		A717655A1EEA3A450006DC3C /* CALayer+Extension.swift in Sources */ = {isa = PBXBuildFile; fileRef = A71765591EEA3A450006DC3C /* CALayer+Extension.swift */; };
		A717655C1EEA3A740006DC3C /* SplashViewDelegate.swift in Sources */ = {isa = PBXBuildFile; fileRef = A717655B1EEA3A740006DC3C /* SplashViewDelegate.swift */; };
		A71765601EEA6B460006DC3C /* StartViewController.swift in Sources */ = {isa = PBXBuildFile; fileRef = A717655F1EEA6B460006DC3C /* StartViewController.swift */; };
		A71765621EEA6B520006DC3C /* StartView.swift in Sources */ = {isa = PBXBuildFile; fileRef = A71765611EEA6B520006DC3C /* StartView.swift */; };
		A71765641EEA6B5D0006DC3C /* StartViewDelegate.swift in Sources */ = {isa = PBXBuildFile; fileRef = A71765631EEA6B5D0006DC3C /* StartViewDelegate.swift */; };
		A71765661EEA6B690006DC3C /* StartViewControllerDelegate.swift in Sources */ = {isa = PBXBuildFile; fileRef = A71765651EEA6B690006DC3C /* StartViewControllerDelegate.swift */; };
		A71765681EEA6D300006DC3C /* StartViewConstants.swift in Sources */ = {isa = PBXBuildFile; fileRef = A71765671EEA6D300006DC3C /* StartViewConstants.swift */; };
		A717656A1EEA6D840006DC3C /* LoadingPopover.swift in Sources */ = {isa = PBXBuildFile; fileRef = A71765691EEA6D840006DC3C /* LoadingPopover.swift */; };
		A717656C1EEA6DA00006DC3C /* LoadingView.swift in Sources */ = {isa = PBXBuildFile; fileRef = A717656B1EEA6DA00006DC3C /* LoadingView.swift */; };
		A717656E1EEA6DBE0006DC3C /* BallIndicatorView.swift in Sources */ = {isa = PBXBuildFile; fileRef = A717656D1EEA6DBE0006DC3C /* BallIndicatorView.swift */; };
		A71765701EEA6DE60006DC3C /* BallAnimation.swift in Sources */ = {isa = PBXBuildFile; fileRef = A717656F1EEA6DE60006DC3C /* BallAnimation.swift */; };
		A71765721EEA6DFB0006DC3C /* AnimationDelegate.swift in Sources */ = {isa = PBXBuildFile; fileRef = A71765711EEA6DFB0006DC3C /* AnimationDelegate.swift */; };
		A71765741EEA6E230006DC3C /* BasePopoverAlert.swift in Sources */ = {isa = PBXBuildFile; fileRef = A71765731EEA6E230006DC3C /* BasePopoverAlert.swift */; };
		A71765761EEA6E7E0006DC3C /* ButtonMaker.swift in Sources */ = {isa = PBXBuildFile; fileRef = A71765751EEA6E7E0006DC3C /* ButtonMaker.swift */; };
		A71765821EEAF8080006DC3C /* BasePopoverAlertConstants.swift in Sources */ = {isa = PBXBuildFile; fileRef = A71765811EEAF8080006DC3C /* BasePopoverAlertConstants.swift */; };
		A71765881EEAF8CD0006DC3C /* FirstView.swift in Sources */ = {isa = PBXBuildFile; fileRef = A71765871EEAF8CD0006DC3C /* FirstView.swift */; };
		A717658A1EEC971D0006DC3C /* TabCoordinator.swift in Sources */ = {isa = PBXBuildFile; fileRef = A71765891EEC971D0006DC3C /* TabCoordinator.swift */; };
		A717658C1EEC975D0006DC3C /* BasicButtonFactory.swift in Sources */ = {isa = PBXBuildFile; fileRef = A717658B1EEC975D0006DC3C /* BasicButtonFactory.swift */; };
		A73DA4311EE89B700053276E /* AppDelegate.swift in Sources */ = {isa = PBXBuildFile; fileRef = A73DA4301EE89B700053276E /* AppDelegate.swift */; };
		A73DA4331EE89B700053276E /* FirstViewController.swift in Sources */ = {isa = PBXBuildFile; fileRef = A73DA4321EE89B700053276E /* FirstViewController.swift */; };
		A73DA4381EE89B700053276E /* Assets.xcassets in Resources */ = {isa = PBXBuildFile; fileRef = A73DA4371EE89B700053276E /* Assets.xcassets */; };
		A73DA43B1EE89B700053276E /* LaunchScreen.storyboard in Resources */ = {isa = PBXBuildFile; fileRef = A73DA4391EE89B700053276E /* LaunchScreen.storyboard */; };
		A73DA4461EE89B700053276E /* ExampleCoordinatorTests.swift in Sources */ = {isa = PBXBuildFile; fileRef = A73DA4451EE89B700053276E /* ExampleCoordinatorTests.swift */; };
		A73DA4511EE89BA00053276E /* SecondViewController.swift in Sources */ = {isa = PBXBuildFile; fileRef = A73DA4501EE89BA00053276E /* SecondViewController.swift */; };
		A73DA4531EE89BE50053276E /* Coordinator.swift in Sources */ = {isa = PBXBuildFile; fileRef = A73DA4521EE89BE50053276E /* Coordinator.swift */; };
		A73DA4551EE89C030053276E /* CoordinatorDelegate.swift in Sources */ = {isa = PBXBuildFile; fileRef = A73DA4541EE89C030053276E /* CoordinatorDelegate.swift */; };
		A73DA4571EE89C3F0053276E /* NavigationCoordinator.swift in Sources */ = {isa = PBXBuildFile; fileRef = A73DA4561EE89C3F0053276E /* NavigationCoordinator.swift */; };
		A73DA4591EE89D1C0053276E /* MainCoordinator.swift in Sources */ = {isa = PBXBuildFile; fileRef = A73DA4581EE89D1C0053276E /* MainCoordinator.swift */; };
		A73DA45B1EE89D490053276E /* ApplicationCoordinator.swift in Sources */ = {isa = PBXBuildFile; fileRef = A73DA45A1EE89D490053276E /* ApplicationCoordinator.swift */; };
		A73DA45D1EE89D6D0053276E /* CoordinatorType.swift in Sources */ = {isa = PBXBuildFile; fileRef = A73DA45C1EE89D6D0053276E /* CoordinatorType.swift */; };
		A73DA45F1EE89D9A0053276E /* SplashViewController.swift in Sources */ = {isa = PBXBuildFile; fileRef = A73DA45E1EE89D9A0053276E /* SplashViewController.swift */; };
		A73DA4611EE89DCB0053276E /* SplashView.swift in Sources */ = {isa = PBXBuildFile; fileRef = A73DA4601EE89DCA0053276E /* SplashView.swift */; };
		A73DA4631EE89E7D0053276E /* SplashCoordinator.swift in Sources */ = {isa = PBXBuildFile; fileRef = A73DA4621EE89E7D0053276E /* SplashCoordinator.swift */; };
		A73DA4651EE8A52F0053276E /* TabBarCoordinator.swift in Sources */ = {isa = PBXBuildFile; fileRef = A73DA4641EE8A52F0053276E /* TabBarCoordinator.swift */; };
		A73DA4671EE8A58A0053276E /* TabBarController.swift in Sources */ = {isa = PBXBuildFile; fileRef = A73DA4661EE8A58A0053276E /* TabBarController.swift */; };
		A73DA4691EE8B1620053276E /* TabControllerCoordinator.swift in Sources */ = {isa = PBXBuildFile; fileRef = A73DA4681EE8B1620053276E /* TabControllerCoordinator.swift */; };
		A73DA46B1EE8B2330053276E /* SplashViewControllerDelegate.swift in Sources */ = {isa = PBXBuildFile; fileRef = A73DA46A1EE8B2330053276E /* SplashViewControllerDelegate.swift */; };
		A73DA46D1EE8B2A30053276E /* SecondView.swift in Sources */ = {isa = PBXBuildFile; fileRef = A73DA46C1EE8B2A30053276E /* SecondView.swift */; };
/* End PBXBuildFile section */

/* Begin PBXContainerItemProxy section */
		A73DA4421EE89B700053276E /* PBXContainerItemProxy */ = {
			isa = PBXContainerItemProxy;
			containerPortal = A73DA4251EE89B700053276E /* Project object */;
			proxyType = 1;
			remoteGlobalIDString = A73DA42C1EE89B700053276E;
			remoteInfo = ExampleCoordinator;
		};
/* End PBXContainerItemProxy section */

/* Begin PBXFileReference section */
		A71765591EEA3A450006DC3C /* CALayer+Extension.swift */ = {isa = PBXFileReference; fileEncoding = 4; lastKnownFileType = sourcecode.swift; path = "CALayer+Extension.swift"; sourceTree = "<group>"; };
		A717655B1EEA3A740006DC3C /* SplashViewDelegate.swift */ = {isa = PBXFileReference; fileEncoding = 4; lastKnownFileType = sourcecode.swift; path = SplashViewDelegate.swift; sourceTree = "<group>"; };
		A717655F1EEA6B460006DC3C /* StartViewController.swift */ = {isa = PBXFileReference; fileEncoding = 4; lastKnownFileType = sourcecode.swift; path = StartViewController.swift; sourceTree = "<group>"; };
		A71765611EEA6B520006DC3C /* StartView.swift */ = {isa = PBXFileReference; fileEncoding = 4; lastKnownFileType = sourcecode.swift; path = StartView.swift; sourceTree = "<group>"; };
		A71765631EEA6B5D0006DC3C /* StartViewDelegate.swift */ = {isa = PBXFileReference; fileEncoding = 4; lastKnownFileType = sourcecode.swift; path = StartViewDelegate.swift; sourceTree = "<group>"; };
		A71765651EEA6B690006DC3C /* StartViewControllerDelegate.swift */ = {isa = PBXFileReference; fileEncoding = 4; lastKnownFileType = sourcecode.swift; path = StartViewControllerDelegate.swift; sourceTree = "<group>"; };
		A71765671EEA6D300006DC3C /* StartViewConstants.swift */ = {isa = PBXFileReference; fileEncoding = 4; lastKnownFileType = sourcecode.swift; path = StartViewConstants.swift; sourceTree = "<group>"; };
		A71765691EEA6D840006DC3C /* LoadingPopover.swift */ = {isa = PBXFileReference; fileEncoding = 4; lastKnownFileType = sourcecode.swift; path = LoadingPopover.swift; sourceTree = "<group>"; };
		A717656B1EEA6DA00006DC3C /* LoadingView.swift */ = {isa = PBXFileReference; fileEncoding = 4; lastKnownFileType = sourcecode.swift; path = LoadingView.swift; sourceTree = "<group>"; };
		A717656D1EEA6DBE0006DC3C /* BallIndicatorView.swift */ = {isa = PBXFileReference; fileEncoding = 4; lastKnownFileType = sourcecode.swift; path = BallIndicatorView.swift; sourceTree = "<group>"; };
		A717656F1EEA6DE60006DC3C /* BallAnimation.swift */ = {isa = PBXFileReference; fileEncoding = 4; lastKnownFileType = sourcecode.swift; path = BallAnimation.swift; sourceTree = "<group>"; };
		A71765711EEA6DFB0006DC3C /* AnimationDelegate.swift */ = {isa = PBXFileReference; fileEncoding = 4; lastKnownFileType = sourcecode.swift; path = AnimationDelegate.swift; sourceTree = "<group>"; };
		A71765731EEA6E230006DC3C /* BasePopoverAlert.swift */ = {isa = PBXFileReference; fileEncoding = 4; lastKnownFileType = sourcecode.swift; path = BasePopoverAlert.swift; sourceTree = "<group>"; };
		A71765751EEA6E7E0006DC3C /* ButtonMaker.swift */ = {isa = PBXFileReference; fileEncoding = 4; lastKnownFileType = sourcecode.swift; path = ButtonMaker.swift; sourceTree = "<group>"; };
		A71765811EEAF8080006DC3C /* BasePopoverAlertConstants.swift */ = {isa = PBXFileReference; fileEncoding = 4; lastKnownFileType = sourcecode.swift; path = BasePopoverAlertConstants.swift; sourceTree = "<group>"; };
		A71765871EEAF8CD0006DC3C /* FirstView.swift */ = {isa = PBXFileReference; fileEncoding = 4; lastKnownFileType = sourcecode.swift; path = FirstView.swift; sourceTree = "<group>"; };
		A71765891EEC971D0006DC3C /* TabCoordinator.swift */ = {isa = PBXFileReference; fileEncoding = 4; lastKnownFileType = sourcecode.swift; path = TabCoordinator.swift; sourceTree = "<group>"; };
		A717658B1EEC975D0006DC3C /* BasicButtonFactory.swift */ = {isa = PBXFileReference; fileEncoding = 4; lastKnownFileType = sourcecode.swift; path = BasicButtonFactory.swift; sourceTree = "<group>"; };
		A73DA42D1EE89B700053276E /* ExampleCoordinator.app */ = {isa = PBXFileReference; explicitFileType = wrapper.application; includeInIndex = 0; path = ExampleCoordinator.app; sourceTree = BUILT_PRODUCTS_DIR; };
		A73DA4301EE89B700053276E /* AppDelegate.swift */ = {isa = PBXFileReference; lastKnownFileType = sourcecode.swift; path = AppDelegate.swift; sourceTree = "<group>"; };
		A73DA4321EE89B700053276E /* FirstViewController.swift */ = {isa = PBXFileReference; lastKnownFileType = sourcecode.swift; path = FirstViewController.swift; sourceTree = "<group>"; };
		A73DA4371EE89B700053276E /* Assets.xcassets */ = {isa = PBXFileReference; lastKnownFileType = folder.assetcatalog; path = Assets.xcassets; sourceTree = "<group>"; };
		A73DA43A1EE89B700053276E /* Base */ = {isa = PBXFileReference; lastKnownFileType = file.storyboard; name = Base; path = Base.lproj/LaunchScreen.storyboard; sourceTree = "<group>"; };
		A73DA43C1EE89B700053276E /* Info.plist */ = {isa = PBXFileReference; lastKnownFileType = text.plist.xml; path = Info.plist; sourceTree = "<group>"; };
		A73DA4411EE89B700053276E /* ExampleCoordinatorTests.xctest */ = {isa = PBXFileReference; explicitFileType = wrapper.cfbundle; includeInIndex = 0; path = ExampleCoordinatorTests.xctest; sourceTree = BUILT_PRODUCTS_DIR; };
		A73DA4451EE89B700053276E /* ExampleCoordinatorTests.swift */ = {isa = PBXFileReference; lastKnownFileType = sourcecode.swift; path = ExampleCoordinatorTests.swift; sourceTree = "<group>"; };
		A73DA4471EE89B700053276E /* Info.plist */ = {isa = PBXFileReference; lastKnownFileType = text.plist.xml; path = Info.plist; sourceTree = "<group>"; };
		A73DA4501EE89BA00053276E /* SecondViewController.swift */ = {isa = PBXFileReference; fileEncoding = 4; lastKnownFileType = sourcecode.swift; path = SecondViewController.swift; sourceTree = "<group>"; };
		A73DA4521EE89BE50053276E /* Coordinator.swift */ = {isa = PBXFileReference; fileEncoding = 4; lastKnownFileType = sourcecode.swift; path = Coordinator.swift; sourceTree = "<group>"; };
		A73DA4541EE89C030053276E /* CoordinatorDelegate.swift */ = {isa = PBXFileReference; fileEncoding = 4; lastKnownFileType = sourcecode.swift; path = CoordinatorDelegate.swift; sourceTree = "<group>"; };
		A73DA4561EE89C3F0053276E /* NavigationCoordinator.swift */ = {isa = PBXFileReference; fileEncoding = 4; lastKnownFileType = sourcecode.swift; path = NavigationCoordinator.swift; sourceTree = "<group>"; };
		A73DA4581EE89D1C0053276E /* MainCoordinator.swift */ = {isa = PBXFileReference; fileEncoding = 4; lastKnownFileType = sourcecode.swift; path = MainCoordinator.swift; sourceTree = "<group>"; };
		A73DA45A1EE89D490053276E /* ApplicationCoordinator.swift */ = {isa = PBXFileReference; fileEncoding = 4; lastKnownFileType = sourcecode.swift; path = ApplicationCoordinator.swift; sourceTree = "<group>"; };
		A73DA45C1EE89D6D0053276E /* CoordinatorType.swift */ = {isa = PBXFileReference; fileEncoding = 4; lastKnownFileType = sourcecode.swift; path = CoordinatorType.swift; sourceTree = "<group>"; };
		A73DA45E1EE89D9A0053276E /* SplashViewController.swift */ = {isa = PBXFileReference; fileEncoding = 4; lastKnownFileType = sourcecode.swift; path = SplashViewController.swift; sourceTree = "<group>"; };
		A73DA4601EE89DCA0053276E /* SplashView.swift */ = {isa = PBXFileReference; fileEncoding = 4; lastKnownFileType = sourcecode.swift; path = SplashView.swift; sourceTree = "<group>"; };
		A73DA4621EE89E7D0053276E /* SplashCoordinator.swift */ = {isa = PBXFileReference; fileEncoding = 4; lastKnownFileType = sourcecode.swift; path = SplashCoordinator.swift; sourceTree = "<group>"; };
		A73DA4641EE8A52F0053276E /* TabBarCoordinator.swift */ = {isa = PBXFileReference; fileEncoding = 4; lastKnownFileType = sourcecode.swift; path = TabBarCoordinator.swift; sourceTree = "<group>"; };
		A73DA4661EE8A58A0053276E /* TabBarController.swift */ = {isa = PBXFileReference; fileEncoding = 4; lastKnownFileType = sourcecode.swift; path = TabBarController.swift; sourceTree = "<group>"; };
		A73DA4681EE8B1620053276E /* TabControllerCoordinator.swift */ = {isa = PBXFileReference; fileEncoding = 4; lastKnownFileType = sourcecode.swift; path = TabControllerCoordinator.swift; sourceTree = "<group>"; };
		A73DA46A1EE8B2330053276E /* SplashViewControllerDelegate.swift */ = {isa = PBXFileReference; fileEncoding = 4; lastKnownFileType = sourcecode.swift; path = SplashViewControllerDelegate.swift; sourceTree = "<group>"; };
		A73DA46C1EE8B2A30053276E /* SecondView.swift */ = {isa = PBXFileReference; fileEncoding = 4; lastKnownFileType = sourcecode.swift; path = SecondView.swift; sourceTree = "<group>"; };
/* End PBXFileReference section */

/* Begin PBXFrameworksBuildPhase section */
		A73DA42A1EE89B700053276E /* Frameworks */ = {
			isa = PBXFrameworksBuildPhase;
			buildActionMask = 2147483647;
			files = (
			);
			runOnlyForDeploymentPostprocessing = 0;
		};
		A73DA43E1EE89B700053276E /* Frameworks */ = {
			isa = PBXFrameworksBuildPhase;
			buildActionMask = 2147483647;
			files = (
			);
			runOnlyForDeploymentPostprocessing = 0;
		};
/* End PBXFrameworksBuildPhase section */

/* Begin PBXGroup section */
		A71765551EEA39AF0006DC3C /* Second */ = {
			isa = PBXGroup;
			children = (
				A73DA46C1EE8B2A30053276E /* SecondView.swift */,
				A73DA4501EE89BA00053276E /* SecondViewController.swift */,
			);
			path = Second;
			sourceTree = "<group>";
		};
		A71765561EEA39C00006DC3C /* First */ = {
			isa = PBXGroup;
			children = (
				A71765871EEAF8CD0006DC3C /* FirstView.swift */,
				A73DA4321EE89B700053276E /* FirstViewController.swift */,
			);
			path = First;
			sourceTree = "<group>";
		};
		A71765571EEA39D10006DC3C /* Splash */ = {
			isa = PBXGroup;
			children = (
				A71765841EEAF88A0006DC3C /* Controllers */,
				A71765861EEAF8A70006DC3C /* Delegates */,
				A71765851EEAF8A00006DC3C /* Views */,
			);
			path = Splash;
			sourceTree = "<group>";
		};
		A71765581EEA39FA0006DC3C /* Coordinator */ = {
			isa = PBXGroup;
			children = (
				A73DA45A1EE89D490053276E /* ApplicationCoordinator.swift */,
				A73DA4521EE89BE50053276E /* Coordinator.swift */,
				A73DA4541EE89C030053276E /* CoordinatorDelegate.swift */,
				A73DA45C1EE89D6D0053276E /* CoordinatorType.swift */,
				A73DA4581EE89D1C0053276E /* MainCoordinator.swift */,
				A73DA4561EE89C3F0053276E /* NavigationCoordinator.swift */,
				A73DA4621EE89E7D0053276E /* SplashCoordinator.swift */,
				A73DA4661EE8A58A0053276E /* TabBarController.swift */,
				A73DA4641EE8A52F0053276E /* TabBarCoordinator.swift */,
				A71765891EEC971D0006DC3C /* TabCoordinator.swift */,
				A73DA4681EE8B1620053276E /* TabControllerCoordinator.swift */,
			);
			path = Coordinator;
			sourceTree = "<group>";
		};
		A71765771EEA6F370006DC3C /* Start */ = {
			isa = PBXGroup;
			children = (
				A717657E1EEAF7AD0006DC3C /* Controller */,
				A717657D1EEAF7A20006DC3C /* Delegates */,
				A717657F1EEAF7B30006DC3C /* Views */,
			);
			path = Start;
			sourceTree = "<group>";
		};
		A71765781EEA6F440006DC3C /* Loading */ = {
			isa = PBXGroup;
			children = (
				A71765691EEA6D840006DC3C /* LoadingPopover.swift */,
				A717656B1EEA6DA00006DC3C /* LoadingView.swift */,
			);
			path = Loading;
			sourceTree = "<group>";
		};
		A71765791EEA6F4C0006DC3C /* Animation */ = {
			isa = PBXGroup;
			children = (
				A71765711EEA6DFB0006DC3C /* AnimationDelegate.swift */,
				A717656F1EEA6DE60006DC3C /* BallAnimation.swift */,
				A717656D1EEA6DBE0006DC3C /* BallIndicatorView.swift */,
			);
			path = Animation;
			sourceTree = "<group>";
		};
		A717657A1EEAF7520006DC3C /* Elements */ = {
			isa = PBXGroup;
			children = (
				A71765801EEAF7E60006DC3C /* Base */,
				A71765781EEA6F440006DC3C /* Loading */,
				A71765751EEA6E7E0006DC3C /* ButtonMaker.swift */,
				A717658B1EEC975D0006DC3C /* BasicButtonFactory.swift */,
			);
			path = Elements;
			sourceTree = "<group>";
		};
		A717657B1EEAF7730006DC3C /* Extensions */ = {
			isa = PBXGroup;
			children = (
				A71765591EEA3A450006DC3C /* CALayer+Extension.swift */,
			);
			path = Extensions;
			sourceTree = "<group>";
		};
		A717657C1EEAF7820006DC3C /* Screens */ = {
			isa = PBXGroup;
			children = (
				A71765561EEA39C00006DC3C /* First */,
				A71765551EEA39AF0006DC3C /* Second */,
				A71765571EEA39D10006DC3C /* Splash */,
				A71765771EEA6F370006DC3C /* Start */,
			);
			path = Screens;
			sourceTree = "<group>";
		};
		A717657D1EEAF7A20006DC3C /* Delegates */ = {
			isa = PBXGroup;
			children = (
				A71765651EEA6B690006DC3C /* StartViewControllerDelegate.swift */,
				A71765631EEA6B5D0006DC3C /* StartViewDelegate.swift */,
			);
			path = Delegates;
			sourceTree = "<group>";
		};
		A717657E1EEAF7AD0006DC3C /* Controller */ = {
			isa = PBXGroup;
			children = (
				A717655F1EEA6B460006DC3C /* StartViewController.swift */,
			);
			path = Controller;
			sourceTree = "<group>";
		};
		A717657F1EEAF7B30006DC3C /* Views */ = {
			isa = PBXGroup;
			children = (
				A71765611EEA6B520006DC3C /* StartView.swift */,
			);
			path = Views;
			sourceTree = "<group>";
		};
		A71765801EEAF7E60006DC3C /* Base */ = {
			isa = PBXGroup;
			children = (
				A71765731EEA6E230006DC3C /* BasePopoverAlert.swift */,
			);
			path = Base;
			sourceTree = "<group>";
		};
		A71765831EEAF8690006DC3C /* Constants */ = {
			isa = PBXGroup;
			children = (
				A71765811EEAF8080006DC3C /* BasePopoverAlertConstants.swift */,
				A71765671EEA6D300006DC3C /* StartViewConstants.swift */,
			);
			path = Constants;
			sourceTree = "<group>";
		};
		A71765841EEAF88A0006DC3C /* Controllers */ = {
			isa = PBXGroup;
			children = (
				A73DA45E1EE89D9A0053276E /* SplashViewController.swift */,
			);
			path = Controllers;
			sourceTree = "<group>";
		};
		A71765851EEAF8A00006DC3C /* Views */ = {
			isa = PBXGroup;
			children = (
				A73DA4601EE89DCA0053276E /* SplashView.swift */,
			);
			path = Views;
			sourceTree = "<group>";
		};
		A71765861EEAF8A70006DC3C /* Delegates */ = {
			isa = PBXGroup;
			children = (
				A73DA46A1EE8B2330053276E /* SplashViewControllerDelegate.swift */,
				A717655B1EEA3A740006DC3C /* SplashViewDelegate.swift */,
			);
			path = Delegates;
			sourceTree = "<group>";
		};
		A73DA4241EE89B700053276E = {
			isa = PBXGroup;
			children = (
				A73DA42F1EE89B700053276E /* ExampleCoordinator */,
				A73DA4441EE89B700053276E /* ExampleCoordinatorTests */,
				A73DA42E1EE89B700053276E /* Products */,
			);
			sourceTree = "<group>";
		};
		A73DA42E1EE89B700053276E /* Products */ = {
			isa = PBXGroup;
			children = (
				A73DA42D1EE89B700053276E /* ExampleCoordinator.app */,
				A73DA4411EE89B700053276E /* ExampleCoordinatorTests.xctest */,
			);
			name = Products;
			sourceTree = "<group>";
		};
		A73DA42F1EE89B700053276E /* ExampleCoordinator */ = {
			isa = PBXGroup;
			children = (
				A71765791EEA6F4C0006DC3C /* Animation */,
				A71765831EEAF8690006DC3C /* Constants */,
				A71765581EEA39FA0006DC3C /* Coordinator */,
				A717657A1EEAF7520006DC3C /* Elements */,
				A717657B1EEAF7730006DC3C /* Extensions */,
				A717657C1EEAF7820006DC3C /* Screens */,
				A73DA4301EE89B700053276E /* AppDelegate.swift */,
				A73DA4371EE89B700053276E /* Assets.xcassets */,
				A73DA43C1EE89B700053276E /* Info.plist */,
				A73DA4391EE89B700053276E /* LaunchScreen.storyboard */,
			);
			path = ExampleCoordinator;
			sourceTree = "<group>";
		};
		A73DA4441EE89B700053276E /* ExampleCoordinatorTests */ = {
			isa = PBXGroup;
			children = (
				A73DA4451EE89B700053276E /* ExampleCoordinatorTests.swift */,
				A73DA4471EE89B700053276E /* Info.plist */,
			);
			path = ExampleCoordinatorTests;
			sourceTree = "<group>";
		};
/* End PBXGroup section */

/* Begin PBXNativeTarget section */
		A73DA42C1EE89B700053276E /* ExampleCoordinator */ = {
			isa = PBXNativeTarget;
			buildConfigurationList = A73DA44A1EE89B700053276E /* Build configuration list for PBXNativeTarget "ExampleCoordinator" */;
			buildPhases = (
				A73DA4291EE89B700053276E /* Sources */,
				A73DA42A1EE89B700053276E /* Frameworks */,
				A73DA42B1EE89B700053276E /* Resources */,
			);
			buildRules = (
			);
			dependencies = (
			);
			name = ExampleCoordinator;
			productName = ExampleCoordinator;
			productReference = A73DA42D1EE89B700053276E /* ExampleCoordinator.app */;
			productType = "com.apple.product-type.application";
		};
		A73DA4401EE89B700053276E /* ExampleCoordinatorTests */ = {
			isa = PBXNativeTarget;
			buildConfigurationList = A73DA44D1EE89B700053276E /* Build configuration list for PBXNativeTarget "ExampleCoordinatorTests" */;
			buildPhases = (
				A73DA43D1EE89B700053276E /* Sources */,
				A73DA43E1EE89B700053276E /* Frameworks */,
				A73DA43F1EE89B700053276E /* Resources */,
			);
			buildRules = (
			);
			dependencies = (
				A73DA4431EE89B700053276E /* PBXTargetDependency */,
			);
			name = ExampleCoordinatorTests;
			productName = ExampleCoordinatorTests;
			productReference = A73DA4411EE89B700053276E /* ExampleCoordinatorTests.xctest */;
			productType = "com.apple.product-type.bundle.unit-test";
		};
/* End PBXNativeTarget section */

/* Begin PBXProject section */
		A73DA4251EE89B700053276E /* Project object */ = {
			isa = PBXProject;
			attributes = {
				LastSwiftUpdateCheck = 0830;
				LastUpgradeCheck = 0830;
				ORGANIZATIONNAME = "Christopher Webb-Orenstein";
				TargetAttributes = {
					A73DA42C1EE89B700053276E = {
						CreatedOnToolsVersion = 8.3.3;
						DevelopmentTeam = 4SZP4Q326F;
						ProvisioningStyle = Automatic;
					};
					A73DA4401EE89B700053276E = {
						CreatedOnToolsVersion = 8.3.3;
						DevelopmentTeam = 4SZP4Q326F;
						ProvisioningStyle = Automatic;
						TestTargetID = A73DA42C1EE89B700053276E;
					};
				};
			};
			buildConfigurationList = A73DA4281EE89B700053276E /* Build configuration list for PBXProject "ExampleCoordinator" */;
			compatibilityVersion = "Xcode 3.2";
			developmentRegion = English;
			hasScannedForEncodings = 0;
			knownRegions = (
				en,
				Base,
			);
			mainGroup = A73DA4241EE89B700053276E;
			productRefGroup = A73DA42E1EE89B700053276E /* Products */;
			projectDirPath = "";
			projectRoot = "";
			targets = (
				A73DA42C1EE89B700053276E /* ExampleCoordinator */,
				A73DA4401EE89B700053276E /* ExampleCoordinatorTests */,
			);
		};
/* End PBXProject section */

/* Begin PBXResourcesBuildPhase section */
		A73DA42B1EE89B700053276E /* Resources */ = {
			isa = PBXResourcesBuildPhase;
			buildActionMask = 2147483647;
			files = (
				A73DA43B1EE89B700053276E /* LaunchScreen.storyboard in Resources */,
				A73DA4381EE89B700053276E /* Assets.xcassets in Resources */,
			);
			runOnlyForDeploymentPostprocessing = 0;
		};
		A73DA43F1EE89B700053276E /* Resources */ = {
			isa = PBXResourcesBuildPhase;
			buildActionMask = 2147483647;
			files = (
			);
			runOnlyForDeploymentPostprocessing = 0;
		};
/* End PBXResourcesBuildPhase section */

/* Begin PBXSourcesBuildPhase section */
		A73DA4291EE89B700053276E /* Sources */ = {
			isa = PBXSourcesBuildPhase;
			buildActionMask = 2147483647;
			files = (
				A73DA4531EE89BE50053276E /* Coordinator.swift in Sources */,
				A71765621EEA6B520006DC3C /* StartView.swift in Sources */,
				A73DA4611EE89DCB0053276E /* SplashView.swift in Sources */,
				A71765821EEAF8080006DC3C /* BasePopoverAlertConstants.swift in Sources */,
				A717658A1EEC971D0006DC3C /* TabCoordinator.swift in Sources */,
				A73DA4591EE89D1C0053276E /* MainCoordinator.swift in Sources */,
				A73DA4651EE8A52F0053276E /* TabBarCoordinator.swift in Sources */,
				A73DA4511EE89BA00053276E /* SecondViewController.swift in Sources */,
				A73DA4331EE89B700053276E /* FirstViewController.swift in Sources */,
				A73DA4551EE89C030053276E /* CoordinatorDelegate.swift in Sources */,
				A71765741EEA6E230006DC3C /* BasePopoverAlert.swift in Sources */,
				A717656C1EEA6DA00006DC3C /* LoadingView.swift in Sources */,
				A71765601EEA6B460006DC3C /* StartViewController.swift in Sources */,
				A717656A1EEA6D840006DC3C /* LoadingPopover.swift in Sources */,
				A73DA4691EE8B1620053276E /* TabControllerCoordinator.swift in Sources */,
				A717658C1EEC975D0006DC3C /* BasicButtonFactory.swift in Sources */,
				A71765701EEA6DE60006DC3C /* BallAnimation.swift in Sources */,
				A73DA45D1EE89D6D0053276E /* CoordinatorType.swift in Sources */,
				A71765681EEA6D300006DC3C /* StartViewConstants.swift in Sources */,
				A71765661EEA6B690006DC3C /* StartViewControllerDelegate.swift in Sources */,
				A73DA4571EE89C3F0053276E /* NavigationCoordinator.swift in Sources */,
				A73DA46B1EE8B2330053276E /* SplashViewControllerDelegate.swift in Sources */,
				A717655A1EEA3A450006DC3C /* CALayer+Extension.swift in Sources */,
				A73DA4311EE89B700053276E /* AppDelegate.swift in Sources */,
				A73DA4631EE89E7D0053276E /* SplashCoordinator.swift in Sources */,
				A73DA4671EE8A58A0053276E /* TabBarController.swift in Sources */,
				A71765761EEA6E7E0006DC3C /* ButtonMaker.swift in Sources */,
				A71765721EEA6DFB0006DC3C /* AnimationDelegate.swift in Sources */,
				A73DA45B1EE89D490053276E /* ApplicationCoordinator.swift in Sources */,
				A73DA45F1EE89D9A0053276E /* SplashViewController.swift in Sources */,
				A71765641EEA6B5D0006DC3C /* StartViewDelegate.swift in Sources */,
				A717656E1EEA6DBE0006DC3C /* BallIndicatorView.swift in Sources */,
				A717655C1EEA3A740006DC3C /* SplashViewDelegate.swift in Sources */,
				A71765881EEAF8CD0006DC3C /* FirstView.swift in Sources */,
				A73DA46D1EE8B2A30053276E /* SecondView.swift in Sources */,
			);
			runOnlyForDeploymentPostprocessing = 0;
		};
		A73DA43D1EE89B700053276E /* Sources */ = {
			isa = PBXSourcesBuildPhase;
			buildActionMask = 2147483647;
			files = (
				A73DA4461EE89B700053276E /* ExampleCoordinatorTests.swift in Sources */,
			);
			runOnlyForDeploymentPostprocessing = 0;
		};
/* End PBXSourcesBuildPhase section */

/* Begin PBXTargetDependency section */
		A73DA4431EE89B700053276E /* PBXTargetDependency */ = {
			isa = PBXTargetDependency;
			target = A73DA42C1EE89B700053276E /* ExampleCoordinator */;
			targetProxy = A73DA4421EE89B700053276E /* PBXContainerItemProxy */;
		};
/* End PBXTargetDependency section */

/* Begin PBXVariantGroup section */
		A73DA4391EE89B700053276E /* LaunchScreen.storyboard */ = {
			isa = PBXVariantGroup;
			children = (
				A73DA43A1EE89B700053276E /* Base */,
			);
			name = LaunchScreen.storyboard;
			path = .;
			sourceTree = "<group>";
		};
/* End PBXVariantGroup section */

/* Begin XCBuildConfiguration section */
		A73DA4481EE89B700053276E /* Debug */ = {
			isa = XCBuildConfiguration;
			buildSettings = {
				ALWAYS_SEARCH_USER_PATHS = NO;
				CLANG_ANALYZER_NONNULL = YES;
				CLANG_ANALYZER_NUMBER_OBJECT_CONVERSION = YES_AGGRESSIVE;
				CLANG_CXX_LANGUAGE_STANDARD = "gnu++0x";
				CLANG_CXX_LIBRARY = "libc++";
				CLANG_ENABLE_MODULES = YES;
				CLANG_ENABLE_OBJC_ARC = YES;
				CLANG_WARN_BOOL_CONVERSION = YES;
				CLANG_WARN_CONSTANT_CONVERSION = YES;
				CLANG_WARN_DIRECT_OBJC_ISA_USAGE = YES_ERROR;
				CLANG_WARN_DOCUMENTATION_COMMENTS = YES;
				CLANG_WARN_EMPTY_BODY = YES;
				CLANG_WARN_ENUM_CONVERSION = YES;
				CLANG_WARN_INFINITE_RECURSION = YES;
				CLANG_WARN_INT_CONVERSION = YES;
				CLANG_WARN_OBJC_ROOT_CLASS = YES_ERROR;
				CLANG_WARN_SUSPICIOUS_MOVE = YES;
				CLANG_WARN_UNREACHABLE_CODE = YES;
				CLANG_WARN__DUPLICATE_METHOD_MATCH = YES;
				"CODE_SIGN_IDENTITY[sdk=iphoneos*]" = "iPhone Developer";
				COPY_PHASE_STRIP = NO;
				DEBUG_INFORMATION_FORMAT = dwarf;
				ENABLE_STRICT_OBJC_MSGSEND = YES;
				ENABLE_TESTABILITY = YES;
				GCC_C_LANGUAGE_STANDARD = gnu99;
				GCC_DYNAMIC_NO_PIC = NO;
				GCC_NO_COMMON_BLOCKS = YES;
				GCC_OPTIMIZATION_LEVEL = 0;
				GCC_PREPROCESSOR_DEFINITIONS = (
					"DEBUG=1",
					"$(inherited)",
				);
				GCC_WARN_64_TO_32_BIT_CONVERSION = YES;
				GCC_WARN_ABOUT_RETURN_TYPE = YES_ERROR;
				GCC_WARN_UNDECLARED_SELECTOR = YES;
				GCC_WARN_UNINITIALIZED_AUTOS = YES_AGGRESSIVE;
				GCC_WARN_UNUSED_FUNCTION = YES;
				GCC_WARN_UNUSED_VARIABLE = YES;
				IPHONEOS_DEPLOYMENT_TARGET = 10.3;
				MTL_ENABLE_DEBUG_INFO = YES;
				ONLY_ACTIVE_ARCH = YES;
				SDKROOT = iphoneos;
				SWIFT_ACTIVE_COMPILATION_CONDITIONS = DEBUG;
				SWIFT_OPTIMIZATION_LEVEL = "-Onone";
			};
			name = Debug;
		};
		A73DA4491EE89B700053276E /* Release */ = {
			isa = XCBuildConfiguration;
			buildSettings = {
				ALWAYS_SEARCH_USER_PATHS = NO;
				CLANG_ANALYZER_NONNULL = YES;
				CLANG_ANALYZER_NUMBER_OBJECT_CONVERSION = YES_AGGRESSIVE;
				CLANG_CXX_LANGUAGE_STANDARD = "gnu++0x";
				CLANG_CXX_LIBRARY = "libc++";
				CLANG_ENABLE_MODULES = YES;
				CLANG_ENABLE_OBJC_ARC = YES;
				CLANG_WARN_BOOL_CONVERSION = YES;
				CLANG_WARN_CONSTANT_CONVERSION = YES;
				CLANG_WARN_DIRECT_OBJC_ISA_USAGE = YES_ERROR;
				CLANG_WARN_DOCUMENTATION_COMMENTS = YES;
				CLANG_WARN_EMPTY_BODY = YES;
				CLANG_WARN_ENUM_CONVERSION = YES;
				CLANG_WARN_INFINITE_RECURSION = YES;
				CLANG_WARN_INT_CONVERSION = YES;
				CLANG_WARN_OBJC_ROOT_CLASS = YES_ERROR;
				CLANG_WARN_SUSPICIOUS_MOVE = YES;
				CLANG_WARN_UNREACHABLE_CODE = YES;
				CLANG_WARN__DUPLICATE_METHOD_MATCH = YES;
				"CODE_SIGN_IDENTITY[sdk=iphoneos*]" = "iPhone Developer";
				COPY_PHASE_STRIP = NO;
				DEBUG_INFORMATION_FORMAT = "dwarf-with-dsym";
				ENABLE_NS_ASSERTIONS = NO;
				ENABLE_STRICT_OBJC_MSGSEND = YES;
				GCC_C_LANGUAGE_STANDARD = gnu99;
				GCC_NO_COMMON_BLOCKS = YES;
				GCC_WARN_64_TO_32_BIT_CONVERSION = YES;
				GCC_WARN_ABOUT_RETURN_TYPE = YES_ERROR;
				GCC_WARN_UNDECLARED_SELECTOR = YES;
				GCC_WARN_UNINITIALIZED_AUTOS = YES_AGGRESSIVE;
				GCC_WARN_UNUSED_FUNCTION = YES;
				GCC_WARN_UNUSED_VARIABLE = YES;
				IPHONEOS_DEPLOYMENT_TARGET = 10.3;
				MTL_ENABLE_DEBUG_INFO = NO;
				SDKROOT = iphoneos;
				SWIFT_OPTIMIZATION_LEVEL = "-Owholemodule";
				VALIDATE_PRODUCT = YES;
			};
			name = Release;
		};
		A73DA44B1EE89B700053276E /* Debug */ = {
			isa = XCBuildConfiguration;
			buildSettings = {
				ASSETCATALOG_COMPILER_APPICON_NAME = AppIcon;
				DEVELOPMENT_TEAM = 4SZP4Q326F;
				INFOPLIST_FILE = ExampleCoordinator/Info.plist;
				LD_RUNPATH_SEARCH_PATHS = "$(inherited) @executable_path/Frameworks";
				PRODUCT_BUNDLE_IDENTIFIER = com.froleeyo.ExampleCoordinator;
				PRODUCT_NAME = "$(TARGET_NAME)";
				SWIFT_VERSION = 3.0;
			};
			name = Debug;
		};
		A73DA44C1EE89B700053276E /* Release */ = {
			isa = XCBuildConfiguration;
			buildSettings = {
				ASSETCATALOG_COMPILER_APPICON_NAME = AppIcon;
				DEVELOPMENT_TEAM = 4SZP4Q326F;
				INFOPLIST_FILE = ExampleCoordinator/Info.plist;
				LD_RUNPATH_SEARCH_PATHS = "$(inherited) @executable_path/Frameworks";
				PRODUCT_BUNDLE_IDENTIFIER = com.froleeyo.ExampleCoordinator;
				PRODUCT_NAME = "$(TARGET_NAME)";
				SWIFT_VERSION = 3.0;
			};
			name = Release;
		};
		A73DA44E1EE89B700053276E /* Debug */ = {
			isa = XCBuildConfiguration;
			buildSettings = {
				ALWAYS_EMBED_SWIFT_STANDARD_LIBRARIES = YES;
				BUNDLE_LOADER = "$(TEST_HOST)";
				DEVELOPMENT_TEAM = 4SZP4Q326F;
				INFOPLIST_FILE = ExampleCoordinatorTests/Info.plist;
				LD_RUNPATH_SEARCH_PATHS = "$(inherited) @executable_path/Frameworks @loader_path/Frameworks";
				PRODUCT_BUNDLE_IDENTIFIER = com.froleeyo.ExampleCoordinatorTests;
				PRODUCT_NAME = "$(TARGET_NAME)";
				SWIFT_VERSION = 3.0;
				TEST_HOST = "$(BUILT_PRODUCTS_DIR)/ExampleCoordinator.app/ExampleCoordinator";
			};
			name = Debug;
		};
		A73DA44F1EE89B700053276E /* Release */ = {
			isa = XCBuildConfiguration;
			buildSettings = {
				ALWAYS_EMBED_SWIFT_STANDARD_LIBRARIES = YES;
				BUNDLE_LOADER = "$(TEST_HOST)";
				DEVELOPMENT_TEAM = 4SZP4Q326F;
				INFOPLIST_FILE = ExampleCoordinatorTests/Info.plist;
				LD_RUNPATH_SEARCH_PATHS = "$(inherited) @executable_path/Frameworks @loader_path/Frameworks";
				PRODUCT_BUNDLE_IDENTIFIER = com.froleeyo.ExampleCoordinatorTests;
				PRODUCT_NAME = "$(TARGET_NAME)";
				SWIFT_VERSION = 3.0;
				TEST_HOST = "$(BUILT_PRODUCTS_DIR)/ExampleCoordinator.app/ExampleCoordinator";
			};
			name = Release;
		};
/* End XCBuildConfiguration section */

/* Begin XCConfigurationList section */
		A73DA4281EE89B700053276E /* Build configuration list for PBXProject "ExampleCoordinator" */ = {
			isa = XCConfigurationList;
			buildConfigurations = (
				A73DA4481EE89B700053276E /* Debug */,
				A73DA4491EE89B700053276E /* Release */,
			);
			defaultConfigurationIsVisible = 0;
			defaultConfigurationName = Release;
		};
		A73DA44A1EE89B700053276E /* Build configuration list for PBXNativeTarget "ExampleCoordinator" */ = {
			isa = XCConfigurationList;
			buildConfigurations = (
				A73DA44B1EE89B700053276E /* Debug */,
				A73DA44C1EE89B700053276E /* Release */,
			);
			defaultConfigurationIsVisible = 0;
			defaultConfigurationName = Release;
		};
		A73DA44D1EE89B700053276E /* Build configuration list for PBXNativeTarget "ExampleCoordinatorTests" */ = {
			isa = XCConfigurationList;
			buildConfigurations = (
				A73DA44E1EE89B700053276E /* Debug */,
				A73DA44F1EE89B700053276E /* Release */,
			);
			defaultConfigurationIsVisible = 0;
			defaultConfigurationName = Release;
		};
/* End XCConfigurationList section */
	};
	rootObject = A73DA4251EE89B700053276E /* Project object */;
}
